// !$*UTF8*$!
{
	archiveVersion = 1;
	classes = {
	};
	objectVersion = 46;
	objects = {

/* Begin PBXBuildFile section */
		A035FBFA1D1041D500710B0D /* Ball.sks in Resources */ = {isa = PBXBuildFile; fileRef = A035FBF91D1041D500710B0D /* Ball.sks */; };
		A04BCC6A1D05C06200BD12C7 /* AppDelegate.swift in Sources */ = {isa = PBXBuildFile; fileRef = A04BCC691D05C06200BD12C7 /* AppDelegate.swift */; };
		A04BCC6C1D05C06200BD12C7 /* GameScene.sks in Resources */ = {isa = PBXBuildFile; fileRef = A04BCC6B1D05C06200BD12C7 /* GameScene.sks */; };
		A04BCC6E1D05C06200BD12C7 /* GameScene.swift in Sources */ = {isa = PBXBuildFile; fileRef = A04BCC6D1D05C06200BD12C7 /* GameScene.swift */; };
		A04BCC701D05C06200BD12C7 /* GameViewController.swift in Sources */ = {isa = PBXBuildFile; fileRef = A04BCC6F1D05C06200BD12C7 /* GameViewController.swift */; };
		A04BCC731D05C06200BD12C7 /* Main.storyboard in Resources */ = {isa = PBXBuildFile; fileRef = A04BCC711D05C06200BD12C7 /* Main.storyboard */; };
		A04BCC751D05C06200BD12C7 /* Assets.xcassets in Resources */ = {isa = PBXBuildFile; fileRef = A04BCC741D05C06200BD12C7 /* Assets.xcassets */; };
		A04BCC781D05C06200BD12C7 /* LaunchScreen.storyboard in Resources */ = {isa = PBXBuildFile; fileRef = A04BCC761D05C06200BD12C7 /* LaunchScreen.storyboard */; };
		A0B4F5BF1D16412200E677EF /* SparkParticle.sks in Resources */ = {isa = PBXBuildFile; fileRef = A0B4F5BD1D16412200E677EF /* SparkParticle.sks */; };
		A0B4F5C01D16412200E677EF /* spark.png in Resources */ = {isa = PBXBuildFile; fileRef = A0B4F5BE1D16412200E677EF /* spark.png */; };
		A0B4F5C51D175E8C00E677EF /* bg.mp3 in Resources */ = {isa = PBXBuildFile; fileRef = A0B4F5C21D175E8C00E677EF /* bg.mp3 */; };
		A0B4F5C61D175E8C00E677EF /* cannon.wav in Resources */ = {isa = PBXBuildFile; fileRef = A0B4F5C31D175E8C00E677EF /* cannon.wav */; };
		A0B4F5C71D175E8C00E677EF /* hit.wav in Resources */ = {isa = PBXBuildFile; fileRef = A0B4F5C41D175E8C00E677EF /* hit.wav */; };
/* End PBXBuildFile section */

/* Begin PBXContainerItemProxy section */
		A04BCC7F1D05C06300BD12C7 /* PBXContainerItemProxy */ = {
			isa = PBXContainerItemProxy;
			containerPortal = A04BCC5E1D05C06200BD12C7 /* Project object */;
			proxyType = 1;
			remoteGlobalIDString = A04BCC651D05C06200BD12C7;
			remoteInfo = SpriteKitIntro;
		};
		A04BCC8A1D05C06300BD12C7 /* PBXContainerItemProxy */ = {
			isa = PBXContainerItemProxy;
			containerPortal = A04BCC5E1D05C06200BD12C7 /* Project object */;
			proxyType = 1;
			remoteGlobalIDString = A04BCC651D05C06200BD12C7;
			remoteInfo = SpriteKitIntro;
		};
/* End PBXContainerItemProxy section */

/* Begin PBXFileReference section */
		A035FBF91D1041D500710B0D /* Ball.sks */ = {isa = PBXFileReference; lastKnownFileType = file.sks; path = Ball.sks; sourceTree = "<group>"; };
		A04BCC661D05C06200BD12C7 /* SpriteKitIntro.app */ = {isa = PBXFileReference; explicitFileType = wrapper.application; includeInIndex = 0; path = SpriteKitIntro.app; sourceTree = BUILT_PRODUCTS_DIR; };
		A04BCC691D05C06200BD12C7 /* AppDelegate.swift */ = {isa = PBXFileReference; lastKnownFileType = sourcecode.swift; path = AppDelegate.swift; sourceTree = "<group>"; };
		A04BCC6B1D05C06200BD12C7 /* GameScene.sks */ = {isa = PBXFileReference; lastKnownFileType = file.sks; path = GameScene.sks; sourceTree = "<group>"; };
		A04BCC6D1D05C06200BD12C7 /* GameScene.swift */ = {isa = PBXFileReference; lastKnownFileType = sourcecode.swift; path = GameScene.swift; sourceTree = "<group>"; };
		A04BCC6F1D05C06200BD12C7 /* GameViewController.swift */ = {isa = PBXFileReference; lastKnownFileType = sourcecode.swift; path = GameViewController.swift; sourceTree = "<group>"; };
		A04BCC721D05C06200BD12C7 /* Base */ = {isa = PBXFileReference; lastKnownFileType = file.storyboard; name = Base; path = Base.lproj/Main.storyboard; sourceTree = "<group>"; };
		A04BCC741D05C06200BD12C7 /* Assets.xcassets */ = {isa = PBXFileReference; lastKnownFileType = folder.assetcatalog; path = Assets.xcassets; sourceTree = "<group>"; };
		A04BCC771D05C06200BD12C7 /* Base */ = {isa = PBXFileReference; lastKnownFileType = file.storyboard; name = Base; path = Base.lproj/LaunchScreen.storyboard; sourceTree = "<group>"; };
		A04BCC791D05C06200BD12C7 /* Info.plist */ = {isa = PBXFileReference; lastKnownFileType = text.plist.xml; path = Info.plist; sourceTree = "<group>"; };
		A04BCC7E1D05C06300BD12C7 /* SpriteKitIntroTests.xctest */ = {isa = PBXFileReference; explicitFileType = wrapper.cfbundle; includeInIndex = 0; path = SpriteKitIntroTests.xctest; sourceTree = BUILT_PRODUCTS_DIR; };
		A04BCC891D05C06300BD12C7 /* SpriteKitIntroUITests.xctest */ = {isa = PBXFileReference; explicitFileType = wrapper.cfbundle; includeInIndex = 0; path = SpriteKitIntroUITests.xctest; sourceTree = BUILT_PRODUCTS_DIR; };
		A0B4F5BD1D16412200E677EF /* SparkParticle.sks */ = {isa = PBXFileReference; lastKnownFileType = file.sks; name = SparkParticle.sks; path = ../SparkParticle.sks; sourceTree = "<group>"; };
		A0B4F5BE1D16412200E677EF /* spark.png */ = {isa = PBXFileReference; lastKnownFileType = image.png; name = spark.png; path = ../spark.png; sourceTree = "<group>"; };
		A0B4F5C21D175E8C00E677EF /* bg.mp3 */ = {isa = PBXFileReference; lastKnownFileType = audio.mp3; path = bg.mp3; sourceTree = "<group>"; };
		A0B4F5C31D175E8C00E677EF /* cannon.wav */ = {isa = PBXFileReference; lastKnownFileType = audio.wav; path = cannon.wav; sourceTree = "<group>"; };
		A0B4F5C41D175E8C00E677EF /* hit.wav */ = {isa = PBXFileReference; lastKnownFileType = audio.wav; path = hit.wav; sourceTree = "<group>"; };
/* End PBXFileReference section */

/* Begin PBXFrameworksBuildPhase section */
		A04BCC631D05C06200BD12C7 /* Frameworks */ = {
			isa = PBXFrameworksBuildPhase;
			buildActionMask = 2147483647;
			files = (
			);
			runOnlyForDeploymentPostprocessing = 0;
		};
		A04BCC7B1D05C06300BD12C7 /* Frameworks */ = {
			isa = PBXFrameworksBuildPhase;
			buildActionMask = 2147483647;
			files = (
			);
			runOnlyForDeploymentPostprocessing = 0;
		};
		A04BCC861D05C06300BD12C7 /* Frameworks */ = {
			isa = PBXFrameworksBuildPhase;
			buildActionMask = 2147483647;
			files = (
			);
			runOnlyForDeploymentPostprocessing = 0;
		};
/* End PBXFrameworksBuildPhase section */

/* Begin PBXGroup section */
		A04BCC5D1D05C06200BD12C7 = {
			isa = PBXGroup;
			children = (
				A04BCC681D05C06200BD12C7 /* SpriteKitIntro */,
				A04BCC671D05C06200BD12C7 /* Products */,
			);
			sourceTree = "<group>";
		};
		A04BCC671D05C06200BD12C7 /* Products */ = {
			isa = PBXGroup;
			children = (
				A04BCC661D05C06200BD12C7 /* SpriteKitIntro.app */,
				A04BCC7E1D05C06300BD12C7 /* SpriteKitIntroTests.xctest */,
				A04BCC891D05C06300BD12C7 /* SpriteKitIntroUITests.xctest */,
			);
			name = Products;
			sourceTree = "<group>";
		};
		A04BCC681D05C06200BD12C7 /* SpriteKitIntro */ = {
			isa = PBXGroup;
			children = (
				A04BCC691D05C06200BD12C7 /* AppDelegate.swift */,
				A04BCC6B1D05C06200BD12C7 /* GameScene.sks */,
				A035FBF91D1041D500710B0D /* Ball.sks */,
				A0B4F5BD1D16412200E677EF /* SparkParticle.sks */,
				A0B4F5BE1D16412200E677EF /* spark.png */,
				A04BCC6D1D05C06200BD12C7 /* GameScene.swift */,
				A04BCC6F1D05C06200BD12C7 /* GameViewController.swift */,
				A04BCC711D05C06200BD12C7 /* Main.storyboard */,
				A0B4F5C11D175E7500E677EF /* Sounds */,
				A04BCC741D05C06200BD12C7 /* Assets.xcassets */,
				A04BCC761D05C06200BD12C7 /* LaunchScreen.storyboard */,
				A04BCC791D05C06200BD12C7 /* Info.plist */,
			);
			path = SpriteKitIntro;
			sourceTree = "<group>";
		};
		A0B4F5C11D175E7500E677EF /* Sounds */ = {
			isa = PBXGroup;
			children = (
				A0B4F5C21D175E8C00E677EF /* bg.mp3 */,
				A0B4F5C31D175E8C00E677EF /* cannon.wav */,
				A0B4F5C41D175E8C00E677EF /* hit.wav */,
			);
			name = Sounds;
			path = ..;
			sourceTree = "<group>";
		};
/* End PBXGroup section */

/* Begin PBXNativeTarget section */
		A04BCC651D05C06200BD12C7 /* SpriteKitIntro */ = {
			isa = PBXNativeTarget;
			buildConfigurationList = A04BCC921D05C06300BD12C7 /* Build configuration list for PBXNativeTarget "SpriteKitIntro" */;
			buildPhases = (
				A04BCC621D05C06200BD12C7 /* Sources */,
				A04BCC631D05C06200BD12C7 /* Frameworks */,
				A04BCC641D05C06200BD12C7 /* Resources */,
			);
			buildRules = (
			);
			dependencies = (
			);
			name = SpriteKitIntro;
			productName = SpriteKitIntro;
			productReference = A04BCC661D05C06200BD12C7 /* SpriteKitIntro.app */;
			productType = "com.apple.product-type.application";
		};
		A04BCC7D1D05C06300BD12C7 /* SpriteKitIntroTests */ = {
			isa = PBXNativeTarget;
			buildConfigurationList = A04BCC951D05C06300BD12C7 /* Build configuration list for PBXNativeTarget "SpriteKitIntroTests" */;
			buildPhases = (
				A04BCC7A1D05C06300BD12C7 /* Sources */,
				A04BCC7B1D05C06300BD12C7 /* Frameworks */,
				A04BCC7C1D05C06300BD12C7 /* Resources */,
			);
			buildRules = (
			);
			dependencies = (
				A04BCC801D05C06300BD12C7 /* PBXTargetDependency */,
			);
			name = SpriteKitIntroTests;
			productName = SpriteKitIntroTests;
			productReference = A04BCC7E1D05C06300BD12C7 /* SpriteKitIntroTests.xctest */;
			productType = "com.apple.product-type.bundle.unit-test";
		};
		A04BCC881D05C06300BD12C7 /* SpriteKitIntroUITests */ = {
			isa = PBXNativeTarget;
			buildConfigurationList = A04BCC981D05C06300BD12C7 /* Build configuration list for PBXNativeTarget "SpriteKitIntroUITests" */;
			buildPhases = (
				A04BCC851D05C06300BD12C7 /* Sources */,
				A04BCC861D05C06300BD12C7 /* Frameworks */,
				A04BCC871D05C06300BD12C7 /* Resources */,
			);
			buildRules = (
			);
			dependencies = (
				A04BCC8B1D05C06300BD12C7 /* PBXTargetDependency */,
			);
			name = SpriteKitIntroUITests;
			productName = SpriteKitIntroUITests;
			productReference = A04BCC891D05C06300BD12C7 /* SpriteKitIntroUITests.xctest */;
			productType = "com.apple.product-type.bundle.ui-testing";
		};
/* End PBXNativeTarget section */

/* Begin PBXProject section */
		A04BCC5E1D05C06200BD12C7 /* Project object */ = {
			isa = PBXProject;
			attributes = {
				LastSwiftUpdateCheck = 0730;
				LastUpgradeCheck = 0730;
				ORGANIZATIONNAME = "Shawn Looker";
				TargetAttributes = {
					A04BCC651D05C06200BD12C7 = {
						CreatedOnToolsVersion = 7.3.1;
						DevelopmentTeam = 4VJ885WQNK;
					};
					A04BCC7D1D05C06300BD12C7 = {
						CreatedOnToolsVersion = 7.3.1;
						DevelopmentTeam = 4VJ885WQNK;
						TestTargetID = A04BCC651D05C06200BD12C7;
					};
					A04BCC881D05C06300BD12C7 = {
						CreatedOnToolsVersion = 7.3.1;
						DevelopmentTeam = 4VJ885WQNK;
						TestTargetID = A04BCC651D05C06200BD12C7;
					};
				};
			};
			buildConfigurationList = A04BCC611D05C06200BD12C7 /* Build configuration list for PBXProject "SpriteKitIntro" */;
			compatibilityVersion = "Xcode 3.2";
			developmentRegion = English;
			hasScannedForEncodings = 0;
			knownRegions = (
				en,
				Base,
			);
			mainGroup = A04BCC5D1D05C06200BD12C7;
			productRefGroup = A04BCC671D05C06200BD12C7 /* Products */;
			projectDirPath = "";
			projectRoot = "";
			targets = (
				A04BCC651D05C06200BD12C7 /* SpriteKitIntro */,
				A04BCC7D1D05C06300BD12C7 /* SpriteKitIntroTests */,
				A04BCC881D05C06300BD12C7 /* SpriteKitIntroUITests */,
			);
		};
/* End PBXProject section */

/* Begin PBXResourcesBuildPhase section */
		A04BCC641D05C06200BD12C7 /* Resources */ = {
			isa = PBXResourcesBuildPhase;
			buildActionMask = 2147483647;
			files = (
				A035FBFA1D1041D500710B0D /* Ball.sks in Resources */,
				A0B4F5C71D175E8C00E677EF /* hit.wav in Resources */,
				A0B4F5C51D175E8C00E677EF /* bg.mp3 in Resources */,
				A0B4F5C61D175E8C00E677EF /* cannon.wav in Resources */,
				A04BCC6C1D05C06200BD12C7 /* GameScene.sks in Resources */,
				A04BCC781D05C06200BD12C7 /* LaunchScreen.storyboard in Resources */,
				A04BCC751D05C06200BD12C7 /* Assets.xcassets in Resources */,
				A0B4F5C01D16412200E677EF /* spark.png in Resources */,
				A0B4F5BF1D16412200E677EF /* SparkParticle.sks in Resources */,
				A04BCC731D05C06200BD12C7 /* Main.storyboard in Resources */,
			);
			runOnlyForDeploymentPostprocessing = 0;
		};
		A04BCC7C1D05C06300BD12C7 /* Resources */ = {
			isa = PBXResourcesBuildPhase;
			buildActionMask = 2147483647;
			files = (
			);
			runOnlyForDeploymentPostprocessing = 0;
		};
		A04BCC871D05C06300BD12C7 /* Resources */ = {
			isa = PBXResourcesBuildPhase;
			buildActionMask = 2147483647;
			files = (
			);
			runOnlyForDeploymentPostprocessing = 0;
		};
/* End PBXResourcesBuildPhase section */

/* Begin PBXSourcesBuildPhase section */
		A04BCC621D05C06200BD12C7 /* Sources */ = {
			isa = PBXSourcesBuildPhase;
			buildActionMask = 2147483647;
			files = (
				A04BCC6E1D05C06200BD12C7 /* GameScene.swift in Sources */,
				A04BCC701D05C06200BD12C7 /* GameViewController.swift in Sources */,
				A04BCC6A1D05C06200BD12C7 /* AppDelegate.swift in Sources */,
			);
			runOnlyForDeploymentPostprocessing = 0;
		};
		A04BCC7A1D05C06300BD12C7 /* Sources */ = {
			isa = PBXSourcesBuildPhase;
			buildActionMask = 2147483647;
			files = (
			);
			runOnlyForDeploymentPostprocessing = 0;
		};
		A04BCC851D05C06300BD12C7 /* Sources */ = {
			isa = PBXSourcesBuildPhase;
			buildActionMask = 2147483647;
			files = (
			);
			runOnlyForDeploymentPostprocessing = 0;
		};
/* End PBXSourcesBuildPhase section */

/* Begin PBXTargetDependency section */
		A04BCC801D05C06300BD12C7 /* PBXTargetDependency */ = {
			isa = PBXTargetDependency;
			target = A04BCC651D05C06200BD12C7 /* SpriteKitIntro */;
			targetProxy = A04BCC7F1D05C06300BD12C7 /* PBXContainerItemProxy */;
		};
		A04BCC8B1D05C06300BD12C7 /* PBXTargetDependency */ = {
			isa = PBXTargetDependency;
			target = A04BCC651D05C06200BD12C7 /* SpriteKitIntro */;
			targetProxy = A04BCC8A1D05C06300BD12C7 /* PBXContainerItemProxy */;
		};
/* End PBXTargetDependency section */

/* Begin PBXVariantGroup section */
		A04BCC711D05C06200BD12C7 /* Main.storyboard */ = {
			isa = PBXVariantGroup;
			children = (
				A04BCC721D05C06200BD12C7 /* Base */,
			);
			name = Main.storyboard;
			sourceTree = "<group>";
		};
		A04BCC761D05C06200BD12C7 /* LaunchScreen.storyboard */ = {
			isa = PBXVariantGroup;
			children = (
				A04BCC771D05C06200BD12C7 /* Base */,
			);
			name = LaunchScreen.storyboard;
			sourceTree = "<group>";
		};
/* End PBXVariantGroup section */

/* Begin XCBuildConfiguration section */
		A04BCC901D05C06300BD12C7 /* Debug */ = {
			isa = XCBuildConfiguration;
			buildSettings = {
				ALWAYS_SEARCH_USER_PATHS = NO;
				CLANG_ANALYZER_NONNULL = YES;
				CLANG_CXX_LANGUAGE_STANDARD = "gnu++0x";
				CLANG_CXX_LIBRARY = "libc++";
				CLANG_ENABLE_MODULES = YES;
				CLANG_ENABLE_OBJC_ARC = YES;
				CLANG_WARN_BOOL_CONVERSION = YES;
				CLANG_WARN_CONSTANT_CONVERSION = YES;
				CLANG_WARN_DIRECT_OBJC_ISA_USAGE = YES_ERROR;
				CLANG_WARN_EMPTY_BODY = YES;
				CLANG_WARN_ENUM_CONVERSION = YES;
				CLANG_WARN_INT_CONVERSION = YES;
				CLANG_WARN_OBJC_ROOT_CLASS = YES_ERROR;
				CLANG_WARN_UNREACHABLE_CODE = YES;
				CLANG_WARN__DUPLICATE_METHOD_MATCH = YES;
				"CODE_SIGN_IDENTITY[sdk=iphoneos*]" = "iPhone Developer";
				COPY_PHASE_STRIP = NO;
				DEBUG_INFORMATION_FORMAT = "dwarf-with-dsym";
				ENABLE_STRICT_OBJC_MSGSEND = YES;
				ENABLE_TESTABILITY = YES;
				GCC_C_LANGUAGE_STANDARD = gnu99;
				GCC_DYNAMIC_NO_PIC = NO;
				GCC_NO_COMMON_BLOCKS = YES;
				GCC_OPTIMIZATION_LEVEL = 0;
				GCC_PREPROCESSOR_DEFINITIONS = (
					"DEBUG=1",
					"$(inherited)",
				);
				GCC_WARN_64_TO_32_BIT_CONVERSION = YES;
				GCC_WARN_ABOUT_RETURN_TYPE = YES_ERROR;
				GCC_WARN_UNDECLARED_SELECTOR = YES;
				GCC_WARN_UNINITIALIZED_AUTOS = YES_AGGRESSIVE;
				GCC_WARN_UNUSED_FUNCTION = YES;
				GCC_WARN_UNUSED_VARIABLE = YES;
				IPHONEOS_DEPLOYMENT_TARGET = 9.3;
				MTL_ENABLE_DEBUG_INFO = YES;
				ONLY_ACTIVE_ARCH = YES;
				SDKROOT = iphoneos;
				SWIFT_OPTIMIZATION_LEVEL = "-Onone";
			};
			name = Debug;
		};
		A04BCC911D05C06300BD12C7 /* Release */ = {
			isa = XCBuildConfiguration;
			buildSettings = {
				ALWAYS_SEARCH_USER_PATHS = NO;
				CLANG_ANALYZER_NONNULL = YES;
				CLANG_CXX_LANGUAGE_STANDARD = "gnu++0x";
				CLANG_CXX_LIBRARY = "libc++";
				CLANG_ENABLE_MODULES = YES;
				CLANG_ENABLE_OBJC_ARC = YES;
				CLANG_WARN_BOOL_CONVERSION = YES;
				CLANG_WARN_CONSTANT_CONVERSION = YES;
				CLANG_WARN_DIRECT_OBJC_ISA_USAGE = YES_ERROR;
				CLANG_WARN_EMPTY_BODY = YES;
				CLANG_WARN_ENUM_CONVERSION = YES;
				CLANG_WARN_INT_CONVERSION = YES;
				CLANG_WARN_OBJC_ROOT_CLASS = YES_ERROR;
				CLANG_WARN_UNREACHABLE_CODE = YES;
				CLANG_WARN__DUPLICATE_METHOD_MATCH = YES;
				"CODE_SIGN_IDENTITY[sdk=iphoneos*]" = "iPhone Developer";
				COPY_PHASE_STRIP = NO;
				DEBUG_INFORMATION_FORMAT = "dwarf-with-dsym";
				ENABLE_NS_ASSERTIONS = NO;
				ENABLE_STRICT_OBJC_MSGSEND = YES;
				GCC_C_LANGUAGE_STANDARD = gnu99;
				GCC_NO_COMMON_BLOCKS = YES;
				GCC_WARN_64_TO_32_BIT_CONVERSION = YES;
				GCC_WARN_ABOUT_RETURN_TYPE = YES_ERROR;
				GCC_WARN_UNDECLARED_SELECTOR = YES;
				GCC_WARN_UNINITIALIZED_AUTOS = YES_AGGRESSIVE;
				GCC_WARN_UNUSED_FUNCTION = YES;
				GCC_WARN_UNUSED_VARIABLE = YES;
				IPHONEOS_DEPLOYMENT_TARGET = 9.3;
				MTL_ENABLE_DEBUG_INFO = NO;
				SDKROOT = iphoneos;
				VALIDATE_PRODUCT = YES;
			};
			name = Release;
		};
		A04BCC931D05C06300BD12C7 /* Debug */ = {
			isa = XCBuildConfiguration;
			buildSettings = {
				ASSETCATALOG_COMPILER_APPICON_NAME = AppIcon;
				CODE_SIGN_IDENTITY = "iPhone Developer";
				INFOPLIST_FILE = SpriteKitIntro/Info.plist;
				LD_RUNPATH_SEARCH_PATHS = "$(inherited) @executable_path/Frameworks";
				PRODUCT_BUNDLE_IDENTIFIER = us.slooker.SpriteKitIntro;
				PRODUCT_NAME = "$(TARGET_NAME)";
			};
			name = Debug;
		};
		A04BCC941D05C06300BD12C7 /* Release */ = {
			isa = XCBuildConfiguration;
			buildSettings = {
				ASSETCATALOG_COMPILER_APPICON_NAME = AppIcon;
				CODE_SIGN_IDENTITY = "iPhone Developer";
				INFOPLIST_FILE = SpriteKitIntro/Info.plist;
				LD_RUNPATH_SEARCH_PATHS = "$(inherited) @executable_path/Frameworks";
				PRODUCT_BUNDLE_IDENTIFIER = us.slooker.SpriteKitIntro;
				PRODUCT_NAME = "$(TARGET_NAME)";
			};
			name = Release;
		};
		A04BCC961D05C06300BD12C7 /* Debug */ = {
			isa = XCBuildConfiguration;
			buildSettings = {
				BUNDLE_LOADER = "$(TEST_HOST)";
				DEBUG_INFORMATION_FORMAT = dwarf;
				INFOPLIST_FILE = SpriteKitIntroTests/Info.plist;
				LD_RUNPATH_SEARCH_PATHS = "$(inherited) @executable_path/Frameworks @loader_path/Frameworks";
				PRODUCT_BUNDLE_IDENTIFIER = us.slooker.SpriteKitIntroTests;
				PRODUCT_NAME = "$(TARGET_NAME)";
				TEST_HOST = "$(BUILT_PRODUCTS_DIR)/SpriteKitIntro.app/SpriteKitIntro";
			};
			name = Debug;
		};
		A04BCC971D05C06300BD12C7 /* Release */ = {
			isa = XCBuildConfiguration;
			buildSettings = {
				BUNDLE_LOADER = "$(TEST_HOST)";
				INFOPLIST_FILE = SpriteKitIntroTests/Info.plist;
				LD_RUNPATH_SEARCH_PATHS = "$(inherited) @executable_path/Frameworks @loader_path/Frameworks";
				PRODUCT_BUNDLE_IDENTIFIER = us.slooker.SpriteKitIntroTests;
				PRODUCT_NAME = "$(TARGET_NAME)";
				TEST_HOST = "$(BUILT_PRODUCTS_DIR)/SpriteKitIntro.app/SpriteKitIntro";
			};
			name = Release;
		};
		A04BCC991D05C06300BD12C7 /* Debug */ = {
			isa = XCBuildConfiguration;
			buildSettings = {
				DEBUG_INFORMATION_FORMAT = dwarf;
				INFOPLIST_FILE = SpriteKitIntroUITests/Info.plist;
				LD_RUNPATH_SEARCH_PATHS = "$(inherited) @executable_path/Frameworks @loader_path/Frameworks";
				PRODUCT_BUNDLE_IDENTIFIER = us.slooker.SpriteKitIntroUITests;
				PRODUCT_NAME = "$(TARGET_NAME)";
				TEST_TARGET_NAME = SpriteKitIntro;
			};
			name = Debug;
		};
		A04BCC9A1D05C06300BD12C7 /* Release */ = {
			isa = XCBuildConfiguration;
			buildSettings = {
				INFOPLIST_FILE = SpriteKitIntroUITests/Info.plist;
				LD_RUNPATH_SEARCH_PATHS = "$(inherited) @executable_path/Frameworks @loader_path/Frameworks";
				PRODUCT_BUNDLE_IDENTIFIER = us.slooker.SpriteKitIntroUITests;
				PRODUCT_NAME = "$(TARGET_NAME)";
				TEST_TARGET_NAME = SpriteKitIntro;
			};
			name = Release;
		};
/* End XCBuildConfiguration section */

/* Begin XCConfigurationList section */
		A04BCC611D05C06200BD12C7 /* Build configuration list for PBXProject "SpriteKitIntro" */ = {
			isa = XCConfigurationList;
			buildConfigurations = (
				A04BCC901D05C06300BD12C7 /* Debug */,
				A04BCC911D05C06300BD12C7 /* Release */,
			);
			defaultConfigurationIsVisible = 0;
			defaultConfigurationName = Release;
		};
		A04BCC921D05C06300BD12C7 /* Build configuration list for PBXNativeTarget "SpriteKitIntro" */ = {
			isa = XCConfigurationList;
			buildConfigurations = (
				A04BCC931D05C06300BD12C7 /* Debug */,
				A04BCC941D05C06300BD12C7 /* Release */,
			);
			defaultConfigurationIsVisible = 0;
			defaultConfigurationName = Release;
		};
		A04BCC951D05C06300BD12C7 /* Build configuration list for PBXNativeTarget "SpriteKitIntroTests" */ = {
			isa = XCConfigurationList;
			buildConfigurations = (
				A04BCC961D05C06300BD12C7 /* Debug */,
				A04BCC971D05C06300BD12C7 /* Release */,
			);
			defaultConfigurationIsVisible = 0;
			defaultConfigurationName = Release;
		};
		A04BCC981D05C06300BD12C7 /* Build configuration list for PBXNativeTarget "SpriteKitIntroUITests" */ = {
			isa = XCConfigurationList;
			buildConfigurations = (
				A04BCC991D05C06300BD12C7 /* Debug */,
				A04BCC9A1D05C06300BD12C7 /* Release */,
			);
			defaultConfigurationIsVisible = 0;
			defaultConfigurationName = Release;
		};
/* End XCConfigurationList section */
	};
	rootObject = A04BCC5E1D05C06200BD12C7 /* Project object */;
}
